
Microsoft Visual Studio Solution File, Format Version 12.00
# Visual Studio 2012
Project("{FAE04EC0-301F-11D3-BF4B-00C04F79EFBC}") = "Mogren.Tools.ResCopy", "ResCopy\Mogren.Tools.ResCopy.csproj", "{396884E7-06FE-47DE-9374-B264303ACEC8}"
EndProject
Project("{FAE04EC0-301F-11D3-BF4B-00C04F79EFBC}") = "Mogren.Tools.ResCopy.Processors", "ResCopy\Processors\Mogren.Tools.ResCopy.Processors.csproj", "{544591E8-9F72-443D-A70B-ABF51C0C624C}"
EndProject
Global
	GlobalSection(SolutionConfigurationPlatforms) = preSolution
		Debug|Any CPU = Debug|Any CPU
		Debug|ARM = Debug|ARM
		Debug|x64 = Debug|x64
		Debug|x86 = Debug|x86
		Release|Any CPU = Release|Any CPU
		Release|ARM = Release|ARM
		Release|x64 = Release|x64
		Release|x86 = Release|x86
	EndGlobalSection
	GlobalSection(ProjectConfigurationPlatforms) = postSolution
		{396884E7-06FE-47DE-9374-B264303ACEC8}.Debug|Any CPU.ActiveCfg = Debug|Any CPU
		{396884E7-06FE-47DE-9374-B264303ACEC8}.Debug|Any CPU.Build.0 = Debug|Any CPU
		{396884E7-06FE-47DE-9374-B264303ACEC8}.Debug|ARM.ActiveCfg = Debug|Any CPU
		{396884E7-06FE-47DE-9374-B264303ACEC8}.Debug|x64.ActiveCfg = Debug|Any CPU
		{396884E7-06FE-47DE-9374-B264303ACEC8}.Debug|x86.ActiveCfg = Debug|Any CPU
		{396884E7-06FE-47DE-9374-B264303ACEC8}.Release|Any CPU.ActiveCfg = Release|Any CPU
		{396884E7-06FE-47DE-9374-B264303ACEC8}.Release|Any CPU.Build.0 = Release|Any CPU
		{396884E7-06FE-47DE-9374-B264303ACEC8}.Release|ARM.ActiveCfg = Release|Any CPU
		{396884E7-06FE-47DE-9374-B264303ACEC8}.Release|x64.ActiveCfg = Release|Any CPU
		{396884E7-06FE-47DE-9374-B264303ACEC8}.Release|x86.ActiveCfg = Release|Any CPU
		{544591E8-9F72-443D-A70B-ABF51C0C624C}.Debug|Any CPU.ActiveCfg = Debug|Any CPU
		{544591E8-9F72-443D-A70B-ABF51C0C624C}.Debug|Any CPU.Build.0 = Debug|Any CPU
		{544591E8-9F72-443D-A70B-ABF51C0C624C}.Debug|ARM.ActiveCfg = Debug|Any CPU
		{544591E8-9F72-443D-A70B-ABF51C0C624C}.Debug|x64.ActiveCfg = Debug|Any CPU
		{544591E8-9F72-443D-A70B-ABF51C0C624C}.Debug|x86.ActiveCfg = Debug|Any CPU
		{544591E8-9F72-443D-A70B-ABF51C0C624C}.Release|Any CPU.ActiveCfg = Release|Any CPU
		{544591E8-9F72-443D-A70B-ABF51C0C624C}.Release|Any CPU.Build.0 = Release|Any CPU
		{544591E8-9F72-443D-A70B-ABF51C0C624C}.Release|ARM.ActiveCfg = Release|Any CPU
		{544591E8-9F72-443D-A70B-ABF51C0C624C}.Release|x64.ActiveCfg = Release|Any CPU
		{544591E8-9F72-443D-A70B-ABF51C0C624C}.Release|x86.ActiveCfg = Release|Any CPU
	EndGlobalSection
	GlobalSection(SolutionProperties) = preSolution
		HideSolutionNode = FALSE
	EndGlobalSection
EndGlobal
